{
  "name": "peer-wire-swarm",
  "version": "0.12.2",
  "lockfileVersion": 2,
  "requires": true,
  "packages": {
    "": {
      "name": "peer-wire-swarm",
      "version": "0.12.2",
      "dependencies": {
        "buffer-from": "^1.0.0",
        "fifo": "^0.1.4",
        "once": "^1.1.1",
        "peer-wire-protocol": "file:../peer-wire-protocol",
        "speedometer": "^0.1.2",
        "utp": "0.0.7"
      }
    },
    "../peer-wire-protocol": {
      "version": "0.7.1",
      "dependencies": {
        "bitfield": "^0.1.0",
        "bncode": "^0.2.3",
        "buffer-alloc": "^1.1.0",
        "buffer-from": "^1.0.0",
        "readable-stream": "^1.0.2",
        "speedometer": "^0.1.2"
      }
    },
    "node_modules/buffer-from": {
      "version": "1.1.2",
      "resolved": "https://registry.npmjs.org/buffer-from/-/buffer-from-1.1.2.tgz",
      "integrity": "sha512-E+XQCRwSbaaiChtv6k6Dwgc+bx+Bs6vuKJHHl5kox/BaKbhiXzqQOwK4cO22yElGp2OCmjwVhT3HmxgyPGnJfQ=="
    },
    "node_modules/cyclist": {
      "version": "0.1.1",
      "resolved": "https://registry.npmjs.org/cyclist/-/cyclist-0.1.1.tgz",
      "integrity": "sha1-G8+lawgUSM214Sv8G/rTS0f7qPM="
    },
    "node_modules/fifo": {
      "version": "0.1.4",
      "resolved": "https://registry.npmjs.org/fifo/-/fifo-0.1.4.tgz",
      "integrity": "sha1-v0LYfArQewDQlJ0SOI9iiWBuzjQ="
    },
    "node_modules/once": {
      "version": "1.4.0",
      "resolved": "https://registry.npmjs.org/once/-/once-1.4.0.tgz",
      "integrity": "sha1-WDsap3WWHUsROsF9nFC6753Xa9E=",
      "dependencies": {
        "wrappy": "1"
      }
    },
    "node_modules/peer-wire-protocol": {
      "resolved": "../peer-wire-protocol",
      "link": true
    },
    "node_modules/speedometer": {
      "version": "0.1.4",
      "resolved": "https://registry.npmjs.org/speedometer/-/speedometer-0.1.4.tgz",
      "integrity": "sha1-mHbb0qFp0xFUAtSObqYynIgWpQ0="
    },
    "node_modules/utp": {
      "version": "0.0.7",
      "resolved": "https://registry.npmjs.org/utp/-/utp-0.0.7.tgz",
      "integrity": "sha1-rkPrd0X1/mPcwvJ3y0FkrScIfzA=",
      "dependencies": {
        "cyclist": "~0.1.0"
      }
    },
    "node_modules/wrappy": {
      "version": "1.0.2",
      "resolved": "https://registry.npmjs.org/wrappy/-/wrappy-1.0.2.tgz",
      "integrity": "sha1-tSQ9jz7BqjXxNkYFvA0QNuMKtp8="
    },
    "peer-wire-protocol": {
      "extraneous": true
    }
  },
  "dependencies": {
    "buffer-from": {
      "version": "1.1.2",
      "resolved": "https://registry.npmjs.org/buffer-from/-/buffer-from-1.1.2.tgz",
      "integrity": "sha512-E+XQCRwSbaaiChtv6k6Dwgc+bx+Bs6vuKJHHl5kox/BaKbhiXzqQOwK4cO22yElGp2OCmjwVhT3HmxgyPGnJfQ=="
    },
    "cyclist": {
      "version": "0.1.1",
      "resolved": "https://registry.npmjs.org/cyclist/-/cyclist-0.1.1.tgz",
      "integrity": "sha1-G8+lawgUSM214Sv8G/rTS0f7qPM="
    },
    "fifo": {
      "version": "0.1.4",
      "resolved": "https://registry.npmjs.org/fifo/-/fifo-0.1.4.tgz",
      "integrity": "sha1-v0LYfArQewDQlJ0SOI9iiWBuzjQ="
    },
    "once": {
      "version": "1.4.0",
      "resolved": "https://registry.npmjs.org/once/-/once-1.4.0.tgz",
      "integrity": "sha1-WDsap3WWHUsROsF9nFC6753Xa9E=",
      "requires": {
        "wrappy": "1"
      }
    },
    "peer-wire-protocol": {
      "version": "file:../peer-wire-protocol",
      "requires": {
        "bitfield": "^0.1.0",
        "bncode": "^0.2.3",
        "buffer-alloc": "^1.1.0",
        "buffer-from": "^1.0.0",
        "readable-stream": "^1.0.2",
        "speedometer": "^0.1.2"
      }
    },
    "speedometer": {
      "version": "0.1.4",
      "resolved": "https://registry.npmjs.org/speedometer/-/speedometer-0.1.4.tgz",
      "integrity": "sha1-mHbb0qFp0xFUAtSObqYynIgWpQ0="
    },
    "utp": {
      "version": "0.0.7",
      "resolved": "https://registry.npmjs.org/utp/-/utp-0.0.7.tgz",
      "integrity": "sha1-rkPrd0X1/mPcwvJ3y0FkrScIfzA=",
      "requires": {
        "cyclist": "~0.1.0"
      }
    },
    "wrappy": {
      "version": "1.0.2",
      "resolved": "https://registry.npmjs.org/wrappy/-/wrappy-1.0.2.tgz",
      "integrity": "sha1-tSQ9jz7BqjXxNkYFvA0QNuMKtp8="
    }
  }
}
